
Microsoft Visual Studio Solution File, Format Version 12.00
# Visual Studio 2012
Project("{FAE04EC0-301F-11D3-BF4B-00C04F79EFBC}") = "Negocio.Net", "Negocio.net\Negocio.Net.csproj", "{5053943A-2280-4D8A-9C80-A8B4B2BAE5F6}"
EndProject
Project("{FAE04EC0-301F-11D3-BF4B-00C04F79EFBC}") = "Negocio.Net.Dominio", "Dominio\Negocio.Net.Dominio.csproj", "{A5CDEE6F-ACC7-4BF8-A486-9850E1FBE602}"
EndProject
Global
	GlobalSection(SolutionConfigurationPlatforms) = preSolution
		Debug|Any CPU = Debug|Any CPU
		Release|Any CPU = Release|Any CPU
	EndGlobalSection
	GlobalSection(ProjectConfigurationPlatforms) = postSolution
		{5053943A-2280-4D8A-9C80-A8B4B2BAE5F6}.Debug|Any CPU.ActiveCfg = Debug|Any CPU
		{5053943A-2280-4D8A-9C80-A8B4B2BAE5F6}.Debug|Any CPU.Build.0 = Debug|Any CPU
		{5053943A-2280-4D8A-9C80-A8B4B2BAE5F6}.Release|Any CPU.ActiveCfg = Release|Any CPU
		{5053943A-2280-4D8A-9C80-A8B4B2BAE5F6}.Release|Any CPU.Build.0 = Release|Any CPU
		{A5CDEE6F-ACC7-4BF8-A486-9850E1FBE602}.Debug|Any CPU.ActiveCfg = Debug|Any CPU
		{A5CDEE6F-ACC7-4BF8-A486-9850E1FBE602}.Debug|Any CPU.Build.0 = Debug|Any CPU
		{A5CDEE6F-ACC7-4BF8-A486-9850E1FBE602}.Release|Any CPU.ActiveCfg = Release|Any CPU
		{A5CDEE6F-ACC7-4BF8-A486-9850E1FBE602}.Release|Any CPU.Build.0 = Release|Any CPU
	EndGlobalSection
	GlobalSection(SolutionProperties) = preSolution
		HideSolutionNode = FALSE
	EndGlobalSection
EndGlobal
